
Microsoft Visual Studio Solution File, Format Version 12.00
# Visual Studio Version 17
VisualStudioVersion = 17.9.34728.123
MinimumVisualStudioVersion = 10.0.40219.1
Project("{9A19103F-16F7-4668-BE54-9A1E7A4F7556}") = "Data", "Data\Data.csproj", "{EA307134-34DE-4B14-BA1D-28A50666CBCA}"
EndProject
Project("{9A19103F-16F7-4668-BE54-9A1E7A4F7556}") = "Domain", "Domain\Domain.csproj", "{0A01FAE5-817F-4770-A6CA-B535BF6E56AD}"
EndProject
Project("{9A19103F-16F7-4668-BE54-9A1E7A4F7556}") = "Ui", "Ui\Ui.csproj", "{747C85BB-A7A2-4EDE-A8BF-858D0CB71F42}"
EndProject
Project("{9A19103F-16F7-4668-BE54-9A1E7A4F7556}") = "Console_Ui", "Console_Ui\Console_Ui.csproj", "{A028768B-CA4D-42FE-AD34-4CF41F05D5AD}"
EndProject
Project("{FAE04EC0-301F-11D3-BF4B-00C04F79EFBC}") = "Presence.Api", "Presence.Api\Presence.Api.csproj", "{932BF772-A2CA-48FF-8617-24C10909CCEF}"
EndProject
Project("{FAE04EC0-301F-11D3-BF4B-00C04F79EFBC}") = "Attendance.Desktop", "Attendance.Desktop\Attendance.Desktop.csproj", "{E97D66A4-1A6A-4BF4-A97E-809F6ABE56FF}"
EndProject
Global
	GlobalSection(SolutionConfigurationPlatforms) = preSolution
		Debug|Any CPU = Debug|Any CPU
		Release|Any CPU = Release|Any CPU
	EndGlobalSection
	GlobalSection(ProjectConfigurationPlatforms) = postSolution
		{EA307134-34DE-4B14-BA1D-28A50666CBCA}.Debug|Any CPU.ActiveCfg = Debug|Any CPU
		{EA307134-34DE-4B14-BA1D-28A50666CBCA}.Debug|Any CPU.Build.0 = Debug|Any CPU
		{EA307134-34DE-4B14-BA1D-28A50666CBCA}.Release|Any CPU.ActiveCfg = Release|Any CPU
		{EA307134-34DE-4B14-BA1D-28A50666CBCA}.Release|Any CPU.Build.0 = Release|Any CPU
		{0A01FAE5-817F-4770-A6CA-B535BF6E56AD}.Debug|Any CPU.ActiveCfg = Debug|Any CPU
		{0A01FAE5-817F-4770-A6CA-B535BF6E56AD}.Debug|Any CPU.Build.0 = Debug|Any CPU
		{0A01FAE5-817F-4770-A6CA-B535BF6E56AD}.Release|Any CPU.ActiveCfg = Release|Any CPU
		{0A01FAE5-817F-4770-A6CA-B535BF6E56AD}.Release|Any CPU.Build.0 = Release|Any CPU
		{747C85BB-A7A2-4EDE-A8BF-858D0CB71F42}.Debug|Any CPU.ActiveCfg = Debug|Any CPU
		{747C85BB-A7A2-4EDE-A8BF-858D0CB71F42}.Debug|Any CPU.Build.0 = Debug|Any CPU
		{747C85BB-A7A2-4EDE-A8BF-858D0CB71F42}.Release|Any CPU.ActiveCfg = Release|Any CPU
		{747C85BB-A7A2-4EDE-A8BF-858D0CB71F42}.Release|Any CPU.Build.0 = Release|Any CPU
		{A028768B-CA4D-42FE-AD34-4CF41F05D5AD}.Debug|Any CPU.ActiveCfg = Debug|Any CPU
		{A028768B-CA4D-42FE-AD34-4CF41F05D5AD}.Debug|Any CPU.Build.0 = Debug|Any CPU
		{A028768B-CA4D-42FE-AD34-4CF41F05D5AD}.Release|Any CPU.ActiveCfg = Release|Any CPU
		{A028768B-CA4D-42FE-AD34-4CF41F05D5AD}.Release|Any CPU.Build.0 = Release|Any CPU
		{932BF772-A2CA-48FF-8617-24C10909CCEF}.Debug|Any CPU.ActiveCfg = Debug|Any CPU
		{932BF772-A2CA-48FF-8617-24C10909CCEF}.Debug|Any CPU.Build.0 = Debug|Any CPU
		{932BF772-A2CA-48FF-8617-24C10909CCEF}.Release|Any CPU.ActiveCfg = Release|Any CPU
		{932BF772-A2CA-48FF-8617-24C10909CCEF}.Release|Any CPU.Build.0 = Release|Any CPU
		{E97D66A4-1A6A-4BF4-A97E-809F6ABE56FF}.Debug|Any CPU.ActiveCfg = Debug|Any CPU
		{E97D66A4-1A6A-4BF4-A97E-809F6ABE56FF}.Debug|Any CPU.Build.0 = Debug|Any CPU
		{E97D66A4-1A6A-4BF4-A97E-809F6ABE56FF}.Release|Any CPU.ActiveCfg = Release|Any CPU
		{E97D66A4-1A6A-4BF4-A97E-809F6ABE56FF}.Release|Any CPU.Build.0 = Release|Any CPU
	EndGlobalSection
	GlobalSection(SolutionProperties) = preSolution
		HideSolutionNode = FALSE
	EndGlobalSection
	GlobalSection(ExtensibilityGlobals) = postSolution
		SolutionGuid = {4365D853-D076-4979-974C-6BDA6CAB0801}
	EndGlobalSection
EndGlobal
